
Microsoft Visual Studio Solution File, Format Version 12.00
# Visual Studio Version 17
VisualStudioVersion = 17.6.33723.286
MinimumVisualStudioVersion = 10.0.40219.1
Project("{FAE04EC0-301F-11D3-BF4B-00C04F79EFBC}") = "MVCActionResults", "MVCActionResults.csproj", "{83B8B0B9-E39A-4926-AE87-3B25304CC89C}"
EndProject
Global
	GlobalSection(SolutionConfigurationPlatforms) = preSolution
		Debug|Any CPU = Debug|Any CPU
		Release|Any CPU = Release|Any CPU
	EndGlobalSection
	GlobalSection(ProjectConfigurationPlatforms) = postSolution
		{83B8B0B9-E39A-4926-AE87-3B25304CC89C}.Debug|Any CPU.ActiveCfg = Debug|Any CPU
		{83B8B0B9-E39A-4926-AE87-3B25304CC89C}.Debug|Any CPU.Build.0 = Debug|Any CPU
		{83B8B0B9-E39A-4926-AE87-3B25304CC89C}.Release|Any CPU.ActiveCfg = Release|Any CPU
		{83B8B0B9-E39A-4926-AE87-3B25304CC89C}.Release|Any CPU.Build.0 = Release|Any CPU
	EndGlobalSection
	GlobalSection(SolutionProperties) = preSolution
		HideSolutionNode = FALSE
	EndGlobalSection
	GlobalSection(ExtensibilityGlobals) = postSolution
		SolutionGuid = {AEB78A31-C513-4809-AC9C-A4031B27C47C}
	EndGlobalSection
EndGlobal
